
Microsoft Visual Studio Solution File, Format Version 12.00
# Visual Studio 15
VisualStudioVersion = 15.0.26430.16
MinimumVisualStudioVersion = 10.0.40219.1
Project("{FAE04EC0-301F-11D3-BF4B-00C04F79EFBC}") = "FacebookWindowsApp", "FacebookWindowsApp\FacebookWindowsApp.csproj", "{1FC419A3-CD67-4A29-AFB4-6809E300A369}"
EndProject
Project("{2150E333-8FDC-42A3-9474-1A3956D46DE8}") = "Solution Items", "Solution Items", "{CE419E38-79FA-4176-A983-A4D73FD1B90B}"
	ProjectSection(SolutionItems) = preProject
		D:\MTA\desig\C18 Ex03 Amitai 032574055 Yarden 200507499.docx = D:\MTA\desig\C18 Ex03 Amitai 032574055 Yarden 200507499.docx
		submission report.txt = submission report.txt
	EndProjectSection
EndProject
Global
	GlobalSection(SolutionConfigurationPlatforms) = preSolution
		Debug|Any CPU = Debug|Any CPU
		Release|Any CPU = Release|Any CPU
	EndGlobalSection
	GlobalSection(ProjectConfigurationPlatforms) = postSolution
		{1FC419A3-CD67-4A29-AFB4-6809E300A369}.Debug|Any CPU.ActiveCfg = Debug|Any CPU
		{1FC419A3-CD67-4A29-AFB4-6809E300A369}.Debug|Any CPU.Build.0 = Debug|Any CPU
		{1FC419A3-CD67-4A29-AFB4-6809E300A369}.Release|Any CPU.ActiveCfg = Release|Any CPU
		{1FC419A3-CD67-4A29-AFB4-6809E300A369}.Release|Any CPU.Build.0 = Release|Any CPU
	EndGlobalSection
	GlobalSection(SolutionProperties) = preSolution
		HideSolutionNode = FALSE
	EndGlobalSection
	GlobalSection(ExtensibilityGlobals) = postSolution
		SolutionGuid = {A73BD755-0811-4F57-A0E7-88B7B55160F5}
	EndGlobalSection
EndGlobal
